{
  "name": "rollup-plugin-transpile",
  "version": "0.1.1",
  "lockfileVersion": 2,
  "requires": true,
  "packages": {
    "": {
      "name": "rollup-plugin-transpile",
      "version": "0.1.1",
      "license": "MIT",
      "dependencies": {
        "@rollup/pluginutils": "^4.1.1",
        "@swc/core": "^1.2.83"
      },
      "devDependencies": {
        "@types/node": "^16.7.4",
        "prettier": "^2.3.2",
        "rollup": "^2.56.3",
        "rollup-plugin-dts": "^3.0.2",
        "rollup-plugin-transpile": "^0.1.0",
        "typescript": "^4.4.2"
      },
      "peerDependencies": {
        "rollup": "^2.56.0"
      }
    },
    "node_modules/@babel/code-frame": {
      "version": "7.14.5",
      "resolved": "https://registry.npmjs.org/@babel/code-frame/-/code-frame-7.14.5.tgz",
      "integrity": "sha512-9pzDqyc6OLDaqe+zbACgFkb6fKMNG6CObKpnYXChRsvYGyEdc7CA2BaqeOM+vOtCS5ndmJicPJhKAwYRI6UfFw==",
      "dev": true,
      "optional": true,
      "dependencies": {
        "@babel/highlight": "^7.14.5"
      },
      "engines": {
        "node": ">=6.9.0"
      }
    },
    "node_modules/@babel/helper-validator-identifier": {
      "version": "7.14.9",
      "resolved": "https://registry.npmjs.org/@babel/helper-validator-identifier/-/helper-validator-identifier-7.14.9.tgz",
      "integrity": "sha512-pQYxPY0UP6IHISRitNe8bsijHex4TWZXi2HwKVsjPiltzlhse2znVcm9Ace510VT1kxIHjGJCZZQBX2gJDbo0g==",
      "dev": true,
      "optional": true,
      "engines": {
        "node": ">=6.9.0"
      }
    },
    "node_modules/@babel/highlight": {
      "version": "7.14.5",
      "resolved": "https://registry.npmjs.org/@babel/highlight/-/highlight-7.14.5.tgz",
      "integrity": "sha512-qf9u2WFWVV0MppaL877j2dBtQIDgmidgjGk5VIMw3OadXvYaXn66U1BFlH2t4+t3i+8PhedppRv+i40ABzd+gg==",
      "dev": true,
      "optional": true,
      "dependencies": {
        "@babel/helper-validator-identifier": "^7.14.5",
        "chalk": "^2.0.0",
        "js-tokens": "^4.0.0"
      },
      "engines": {
        "node": ">=6.9.0"
      }
    },
    "node_modules/@napi-rs/triples": {
      "version": "1.0.3",
      "resolved": "https://registry.npmjs.org/@napi-rs/triples/-/triples-1.0.3.tgz",
      "integrity": "sha512-jDJTpta+P4p1NZTFVLHJ/TLFVYVcOqv6l8xwOeBKNPMgY/zDYH/YH7SJbvrr/h1RcS9GzbPcLKGzpuK9cV56UA=="
    },
    "node_modules/@node-rs/helper": {
      "version": "1.2.1",
      "resolved": "https://registry.npmjs.org/@node-rs/helper/-/helper-1.2.1.tgz",
      "integrity": "sha512-R5wEmm8nbuQU0YGGmYVjEc0OHtYsuXdpRG+Ut/3wZ9XAvQWyThN08bTh2cBJgoZxHQUPtvRfeQuxcAgLuiBISg==",
      "dependencies": {
        "@napi-rs/triples": "^1.0.3"
      }
    },
    "node_modules/@rollup/pluginutils": {
      "version": "4.1.1",
      "resolved": "https://registry.npmjs.org/@rollup/pluginutils/-/pluginutils-4.1.1.tgz",
      "integrity": "sha512-clDjivHqWGXi7u+0d2r2sBi4Ie6VLEAzWMIkvJLnDmxoOhBYOTfzGbOQBA32THHm11/LiJbd01tJUpJsbshSWQ==",
      "dependencies": {
        "estree-walker": "^2.0.1",
        "picomatch": "^2.2.2"
      },
      "engines": {
        "node": ">= 8.0.0"
      }
    },
    "node_modules/@swc/core": {
      "version": "1.2.83",
      "resolved": "https://registry.npmjs.org/@swc/core/-/core-1.2.83.tgz",
      "integrity": "sha512-Ao5XziabPGXBcwyDF8NRZcp7ySZBsjrV1aDyVe2Rdb44VaJ8Q0jN7QjYlc4zOikcwgi1BF05YgvMykMfB0qKMA==",
      "dependencies": {
        "@node-rs/helper": "^1.0.0"
      },
      "engines": {
        "node": ">=10"
      },
      "funding": {
        "type": "opencollective",
        "url": "https://opencollective.com/swc"
      },
      "optionalDependencies": {
        "@swc/core-android-arm64": "^1.2.83",
        "@swc/core-darwin-arm64": "^1.2.83",
        "@swc/core-darwin-x64": "^1.2.83",
        "@swc/core-freebsd-x64": "^1.2.83",
        "@swc/core-linux-arm-gnueabihf": "^1.2.83",
        "@swc/core-linux-arm64-gnu": "^1.2.83",
        "@swc/core-linux-arm64-musl": "^1.2.83",
        "@swc/core-linux-x64-gnu": "^1.2.83",
        "@swc/core-linux-x64-musl": "^1.2.83",
        "@swc/core-win32-arm64-msvc": "^1.2.83",
        "@swc/core-win32-ia32-msvc": "^1.2.83",
        "@swc/core-win32-x64-msvc": "^1.2.83"
      }
    },
    "node_modules/@swc/core-android-arm64": {
      "version": "1.2.83",
      "resolved": "https://registry.npmjs.org/@swc/core-android-arm64/-/core-android-arm64-1.2.83.tgz",
      "integrity": "sha512-pODboMBvwplgfPU7/LVAJdIlt/9lttd8cMUwxSykMo/lFaP5J5SyiBauL1UzFEe6eGpN4WPhlF3H+tTz1uWBwg==",
      "cpu": [
        "arm64"
      ],
      "optional": true,
      "os": [
        "android"
      ],
      "engines": {
        "node": ">=10"
      }
    },
    "node_modules/@swc/core-darwin-arm64": {
      "version": "1.2.83",
      "resolved": "https://registry.npmjs.org/@swc/core-darwin-arm64/-/core-darwin-arm64-1.2.83.tgz",
      "integrity": "sha512-/RadmNG6w8ouXsqEFMgjUZL1pxiodkAMTLuKxzKgGb8C+cJYYzrMrJAhuRaVF56/tbI0f7HjGtVYPIUyj7PO/Q==",
      "cpu": [
        "arm64"
      ],
      "optional": true,
      "os": [
        "darwin"
      ],
      "engines": {
        "node": ">=10"
      }
    },
    "node_modules/@swc/core-darwin-x64": {
      "version": "1.2.83",
      "resolved": "https://registry.npmjs.org/@swc/core-darwin-x64/-/core-darwin-x64-1.2.83.tgz",
      "integrity": "sha512-SuMQOzMPv79EqHbvkL29KuAfvxADpEgzVndg/w3rjfT2xHHRBZSbcpTWZ2mXYZeddM3+JG2OrHH55RixUH+r9Q==",
      "cpu": [
        "x64"
      ],
      "optional": true,
      "os": [
        "darwin"
      ],
      "engines": {
        "node": ">=10"
      }
    },
    "node_modules/@swc/core-freebsd-x64": {
      "version": "1.2.83",
      "resolved": "https://registry.npmjs.org/@swc/core-freebsd-x64/-/core-freebsd-x64-1.2.83.tgz",
      "integrity": "sha512-2s7L71s3OgrXbjujPY37OuA0FuTtoevTz8Ce40HkvfcOArTi92gN6WZu55ZtUIwFq3U/hH0oE0Po86JOO/ArVg==",
      "cpu": [
        "x64"
      ],
      "optional": true,
      "os": [
        "freebsd"
      ],
      "engines": {
        "node": ">=10"
      }
    },
    "node_modules/@swc/core-linux-arm-gnueabihf": {
      "version": "1.2.83",
      "resolved": "https://registry.npmjs.org/@swc/core-linux-arm-gnueabihf/-/core-linux-arm-gnueabihf-1.2.83.tgz",
      "integrity": "sha512-RwONngFb7BG+6o9Hi+EuE7dT0d/PtlZyV9DdeAP++uuem9I6vyuXmI3IqtpeRU731wW4gLvlRKLp/EV63sjoSA==",
      "cpu": [
        "arm"
      ],
      "optional": true,
      "os": [
        "linux"
      ],
      "engines": {
        "node": ">=10"
      }
    },
    "node_modules/@swc/core-linux-arm64-gnu": {
      "version": "1.2.83",
      "resolved": "https://registry.npmjs.org/@swc/core-linux-arm64-gnu/-/core-linux-arm64-gnu-1.2.83.tgz",
      "integrity": "sha512-BM4cbI4X74eul6ix0PBsJ7sSkIbcHX9P6J3fAoT6CmYeS4gADGB4n1ktw5GYkXhaiVRVK9KVUXEqpfxBTpCXXQ==",
      "cpu": [
        "arm64"
      ],
      "optional": true,
      "os": [
        "linux"
      ],
      "engines": {
        "node": ">=10"
      }
    },
    "node_modules/@swc/core-linux-arm64-musl": {
      "version": "1.2.83",
      "resolved": "https://registry.npmjs.org/@swc/core-linux-arm64-musl/-/core-linux-arm64-musl-1.2.83.tgz",
      "integrity": "sha512-XDuxnA/rRMLOAAOCjyPlDdzFUrWuD3Xp+m5dHQi80VqpfLGxYeVZebUYfpEtWGI1K4UPQLx+gTk2ssVG5avWKA==",
      "cpu": [
        "arm64"
      ],
      "optional": true,
      "os": [
        "linux"
      ],
      "engines": {
        "node": ">=10"
      }
    },
    "node_modules/@swc/core-linux-x64-gnu": {
      "version": "1.2.83",
      "resolved": "https://registry.npmjs.org/@swc/core-linux-x64-gnu/-/core-linux-x64-gnu-1.2.83.tgz",
      "integrity": "sha512-FaA5O2V0I8X6UuBua7a4ufGh/r9I00aXvoMcb2yrxyzyApgh2VvLfCj3DaiQIYR44QV7dQm/RII1KsJnX6XpDw==",
      "cpu": [
        "x64"
      ],
      "optional": true,
      "os": [
        "linux"
      ],
      "engines": {
        "node": ">=10"
      }
    },
    "node_modules/@swc/core-linux-x64-musl": {
      "version": "1.2.83",
      "resolved": "https://registry.npmjs.org/@swc/core-linux-x64-musl/-/core-linux-x64-musl-1.2.83.tgz",
      "integrity": "sha512-BYNqN7cmN+TazrUrhGrY9IYbT2+l4UqFEZX/M5iWfFzpvHmGeeacvD4qxC1iAh99dqGHn7rsPM3QVK9lyDlLSw==",
      "cpu": [
        "x64"
      ],
      "optional": true,
      "os": [
        "linux"
      ],
      "engines": {
        "node": ">=10"
      }
    },
    "node_modules/@swc/core-win32-arm64-msvc": {
      "version": "1.2.83",
      "resolved": "https://registry.npmjs.org/@swc/core-win32-arm64-msvc/-/core-win32-arm64-msvc-1.2.83.tgz",
      "integrity": "sha512-tMzWXwcwTsBQ0eVXrwai+Q/aiBZR1sDWpYDD1KINRIYWxTASJ0PLySbLyZdEFfxxPvqOY1gslnWLjPwa1frTkg==",
      "cpu": [
        "arm64"
      ],
      "optional": true,
      "os": [
        "win32"
      ],
      "engines": {
        "node": ">=10"
      }
    },
    "node_modules/@swc/core-win32-ia32-msvc": {
      "version": "1.2.83",
      "resolved": "https://registry.npmjs.org/@swc/core-win32-ia32-msvc/-/core-win32-ia32-msvc-1.2.83.tgz",
      "integrity": "sha512-ft1kSw8b09Lmyg7xXn7n99GYMr7CCFzWXB8800kjOb+9jsIN73Sn86I3TVldAeIdJZbeuTYU8J7cxhcJcnmmOA==",
      "cpu": [
        "ia32"
      ],
      "optional": true,
      "os": [
        "win32"
      ],
      "engines": {
        "node": ">=10"
      }
    },
    "node_modules/@swc/core-win32-x64-msvc": {
      "version": "1.2.83",
      "resolved": "https://registry.npmjs.org/@swc/core-win32-x64-msvc/-/core-win32-x64-msvc-1.2.83.tgz",
      "integrity": "sha512-HraOOGDp0dI4+yQ7DxW44FBGSa7CDKG+oviiu2ieXyFjnMqyI3AS5jD27O7g7WKQ1RvKky8M6PxFMz9w3P8HJQ==",
      "cpu": [
        "x64"
      ],
      "optional": true,
      "os": [
        "win32"
      ],
      "engines": {
        "node": ">=10"
      }
    },
    "node_modules/@types/node": {
      "version": "16.7.5",
      "resolved": "https://registry.npmjs.org/@types/node/-/node-16.7.5.tgz",
      "integrity": "sha512-E7SpxDXoHEpmZ9C1gSqwadhE6zPRtf3g0gJy9Y51DsImnR5TcDs3QEiV/3Q7zOM8LWaZp5Gph71NK6ElVMG1IQ==",
      "dev": true
    },
    "node_modules/ansi-styles": {
      "version": "3.2.1",
      "resolved": "https://registry.npmjs.org/ansi-styles/-/ansi-styles-3.2.1.tgz",
      "integrity": "sha512-VT0ZI6kZRdTh8YyJw3SMbYm/u+NqfsAxEpWO0Pf9sq8/e94WxxOpPKx9FR1FlyCtOVDNOQ+8ntlqFxiRc+r5qA==",
      "dev": true,
      "optional": true,
      "dependencies": {
        "color-convert": "^1.9.0"
      },
      "engines": {
        "node": ">=4"
      }
    },
    "node_modules/chalk": {
      "version": "2.4.2",
      "resolved": "https://registry.npmjs.org/chalk/-/chalk-2.4.2.tgz",
      "integrity": "sha512-Mti+f9lpJNcwF4tWV8/OrTTtF1gZi+f8FqlyAdouralcFWFQWF2+NgCHShjkCb+IFBLq9buZwE1xckQU4peSuQ==",
      "dev": true,
      "optional": true,
      "dependencies": {
        "ansi-styles": "^3.2.1",
        "escape-string-regexp": "^1.0.5",
        "supports-color": "^5.3.0"
      },
      "engines": {
        "node": ">=4"
      }
    },
    "node_modules/color-convert": {
      "version": "1.9.3",
      "resolved": "https://registry.npmjs.org/color-convert/-/color-convert-1.9.3.tgz",
      "integrity": "sha512-QfAUtd+vFdAtFQcC8CCyYt1fYWxSqAiK2cSD6zDB8N3cpsEBAvRxp9zOGg6G/SHHJYAT88/az/IuDGALsNVbGg==",
      "dev": true,
      "optional": true,
      "dependencies": {
        "color-name": "1.1.3"
      }
    },
    "node_modules/color-name": {
      "version": "1.1.3",
      "resolved": "https://registry.npmjs.org/color-name/-/color-name-1.1.3.tgz",
      "integrity": "sha1-p9BVi9icQveV3UIyj3QIMcpTvCU=",
      "dev": true,
      "optional": true
    },
    "node_modules/escape-string-regexp": {
      "version": "1.0.5",
      "resolved": "https://registry.npmjs.org/escape-string-regexp/-/escape-string-regexp-1.0.5.tgz",
      "integrity": "sha1-G2HAViGQqN/2rjuyzwIAyhMLhtQ=",
      "dev": true,
      "optional": true,
      "engines": {
        "node": ">=0.8.0"
      }
    },
    "node_modules/estree-walker": {
      "version": "2.0.2",
      "resolved": "https://registry.npmjs.org/estree-walker/-/estree-walker-2.0.2.tgz",
      "integrity": "sha512-Rfkk/Mp/DL7JVje3u18FxFujQlTNR2q6QfMSMB7AvCBx91NGj/ba3kCfza0f6dVDbw7YlRf/nDrn7pQrCCyQ/w=="
    },
    "node_modules/fsevents": {
      "version": "2.3.2",
      "resolved": "https://registry.npmjs.org/fsevents/-/fsevents-2.3.2.tgz",
      "integrity": "sha512-xiqMQR4xAeHTuB9uWm+fFRcIOgKBMiOBP+eXiyT7jsgVCq1bkVygt00oASowB7EdtpOHaaPgKt812P9ab+DDKA==",
      "dev": true,
      "hasInstallScript": true,
      "optional": true,
      "os": [
        "darwin"
      ],
      "engines": {
        "node": "^8.16.0 || ^10.6.0 || >=11.0.0"
      }
    },
    "node_modules/has-flag": {
      "version": "3.0.0",
      "resolved": "https://registry.npmjs.org/has-flag/-/has-flag-3.0.0.tgz",
      "integrity": "sha1-tdRU3CGZriJWmfNGfloH87lVuv0=",
      "dev": true,
      "optional": true,
      "engines": {
        "node": ">=4"
      }
    },
    "node_modules/js-tokens": {
      "version": "4.0.0",
      "resolved": "https://registry.npmjs.org/js-tokens/-/js-tokens-4.0.0.tgz",
      "integrity": "sha512-RdJUflcE3cUzKiMqQgsCu06FPu9UdIJO0beYbPhHN4k6apgJtifcoCtT9bcxOpYBtpD2kCM6Sbzg4CausW/PKQ==",
      "dev": true,
      "optional": true
    },
    "node_modules/magic-string": {
      "version": "0.25.7",
      "resolved": "https://registry.npmjs.org/magic-string/-/magic-string-0.25.7.tgz",
      "integrity": "sha512-4CrMT5DOHTDk4HYDlzmwu4FVCcIYI8gauveasrdCu2IKIFOJ3f0v/8MDGJCDL9oD2ppz/Av1b0Nj345H9M+XIA==",
      "dev": true,
      "dependencies": {
        "sourcemap-codec": "^1.4.4"
      }
    },
    "node_modules/picomatch": {
      "version": "2.3.0",
      "resolved": "https://registry.npmjs.org/picomatch/-/picomatch-2.3.0.tgz",
      "integrity": "sha512-lY1Q/PiJGC2zOv/z391WOTD+Z02bCgsFfvxoXXf6h7kv9o+WmsmzYqrAwY63sNgOxE4xEdq0WyUnXfKeBrSvYw==",
      "engines": {
        "node": ">=8.6"
      },
      "funding": {
        "url": "https://github.com/sponsors/jonschlinkert"
      }
    },
    "node_modules/prettier": {
      "version": "2.3.2",
      "resolved": "https://registry.npmjs.org/prettier/-/prettier-2.3.2.tgz",
      "integrity": "sha512-lnJzDfJ66zkMy58OL5/NY5zp70S7Nz6KqcKkXYzn2tMVrNxvbqaBpg7H3qHaLxCJ5lNMsGuM8+ohS7cZrthdLQ==",
      "dev": true,
      "bin": {
        "prettier": "bin-prettier.js"
      },
      "engines": {
        "node": ">=10.13.0"
      }
    },
    "node_modules/regenerator-runtime": {
      "version": "0.13.9",
      "resolved": "https://registry.npmjs.org/regenerator-runtime/-/regenerator-runtime-0.13.9.tgz",
      "integrity": "sha512-p3VT+cOEgxFsRRA9X4lkI1E+k2/CtnKtU4gcxyaCUreilL/vqI6CdZ3wxVUx3UOUg+gnUOQQcRI7BmSI656MYA==",
      "dev": true
    },
    "node_modules/rollup": {
      "version": "2.56.3",
      "resolved": "https://registry.npmjs.org/rollup/-/rollup-2.56.3.tgz",
      "integrity": "sha512-Au92NuznFklgQCUcV96iXlxUbHuB1vQMaH76DHl5M11TotjOHwqk9CwcrT78+Tnv4FN9uTBxq6p4EJoYkpyekg==",
      "dev": true,
      "bin": {
        "rollup": "dist/bin/rollup"
      },
      "engines": {
        "node": ">=10.0.0"
      },
      "optionalDependencies": {
        "fsevents": "~2.3.2"
      }
    },
    "node_modules/rollup-plugin-dts": {
      "version": "3.0.2",
      "resolved": "https://registry.npmjs.org/rollup-plugin-dts/-/rollup-plugin-dts-3.0.2.tgz",
      "integrity": "sha512-hswlsdWu/x7k5pXzaLP6OvKRKcx8Bzprksz9i9mUe72zvt8LvqAb/AZpzs6FkLgmyRaN8B6rUQOVtzA3yEt9Yw==",
      "dev": true,
      "dependencies": {
        "magic-string": "^0.25.7"
      },
      "engines": {
        "node": ">=v12.22.1"
      },
      "funding": {
        "url": "https://github.com/sponsors/Swatinem"
      },
      "optionalDependencies": {
        "@babel/code-frame": "^7.12.13"
      },
      "peerDependencies": {
        "rollup": "^2.48.0",
        "typescript": "^4.2.4"
      }
    },
    "node_modules/rollup-plugin-transpile": {
      "version": "0.1.0",
      "resolved": "https://registry.npmjs.org/rollup-plugin-transpile/-/rollup-plugin-transpile-0.1.0.tgz",
      "integrity": "sha512-mZ1cc1oShnXPsPbtwd18aDpZbHDMLscNB8QYxDv74UPCSc5h/Vc19CwGJ6eQSNQ1bpcr7Aiy1qsciXJ0SMGE7A==",
      "dev": true,
      "dependencies": {
        "@rollup/pluginutils": "^4.1.1",
        "@swc/core": "^1.2.83",
        "regenerator-runtime": "^0.13.9"
      },
      "peerDependencies": {
        "rollup": "^2.56.0"
      }
    },
    "node_modules/sourcemap-codec": {
      "version": "1.4.8",
      "resolved": "https://registry.npmjs.org/sourcemap-codec/-/sourcemap-codec-1.4.8.tgz",
      "integrity": "sha512-9NykojV5Uih4lgo5So5dtw+f0JgJX30KCNI8gwhz2J9A15wD0Ml6tjHKwf6fTSa6fAdVBdZeNOs9eJ71qCk8vA==",
      "dev": true
    },
    "node_modules/supports-color": {
      "version": "5.5.0",
      "resolved": "https://registry.npmjs.org/supports-color/-/supports-color-5.5.0.tgz",
      "integrity": "sha512-QjVjwdXIt408MIiAqCX4oUKsgU2EqAGzs2Ppkm4aQYbjm+ZEWEcW4SfFNTr4uMNZma0ey4f5lgLrkB0aX0QMow==",
      "dev": true,
      "optional": true,
      "dependencies": {
        "has-flag": "^3.0.0"
      },
      "engines": {
        "node": ">=4"
      }
    },
    "node_modules/typescript": {
      "version": "4.4.2",
      "resolved": "https://registry.npmjs.org/typescript/-/typescript-4.4.2.tgz",
      "integrity": "sha512-gzP+t5W4hdy4c+68bfcv0t400HVJMMd2+H9B7gae1nQlBzCqvrXX+6GL/b3GAgyTH966pzrZ70/fRjwAtZksSQ==",
      "dev": true,
      "bin": {
        "tsc": "bin/tsc",
        "tsserver": "bin/tsserver"
      },
      "engines": {
        "node": ">=4.2.0"
      }
    }
  },
  "dependencies": {
    "@babel/code-frame": {
      "version": "7.14.5",
      "resolved": "https://registry.npmjs.org/@babel/code-frame/-/code-frame-7.14.5.tgz",
      "integrity": "sha512-9pzDqyc6OLDaqe+zbACgFkb6fKMNG6CObKpnYXChRsvYGyEdc7CA2BaqeOM+vOtCS5ndmJicPJhKAwYRI6UfFw==",
      "dev": true,
      "optional": true,
      "requires": {
        "@babel/highlight": "^7.14.5"
      }
    },
    "@babel/helper-validator-identifier": {
      "version": "7.14.9",
      "resolved": "https://registry.npmjs.org/@babel/helper-validator-identifier/-/helper-validator-identifier-7.14.9.tgz",
      "integrity": "sha512-pQYxPY0UP6IHISRitNe8bsijHex4TWZXi2HwKVsjPiltzlhse2znVcm9Ace510VT1kxIHjGJCZZQBX2gJDbo0g==",
      "dev": true,
      "optional": true
    },
    "@babel/highlight": {
      "version": "7.14.5",
      "resolved": "https://registry.npmjs.org/@babel/highlight/-/highlight-7.14.5.tgz",
      "integrity": "sha512-qf9u2WFWVV0MppaL877j2dBtQIDgmidgjGk5VIMw3OadXvYaXn66U1BFlH2t4+t3i+8PhedppRv+i40ABzd+gg==",
      "dev": true,
      "optional": true,
      "requires": {
        "@babel/helper-validator-identifier": "^7.14.5",
        "chalk": "^2.0.0",
        "js-tokens": "^4.0.0"
      }
    },
    "@napi-rs/triples": {
      "version": "1.0.3",
      "resolved": "https://registry.npmjs.org/@napi-rs/triples/-/triples-1.0.3.tgz",
      "integrity": "sha512-jDJTpta+P4p1NZTFVLHJ/TLFVYVcOqv6l8xwOeBKNPMgY/zDYH/YH7SJbvrr/h1RcS9GzbPcLKGzpuK9cV56UA=="
    },
    "@node-rs/helper": {
      "version": "1.2.1",
      "resolved": "https://registry.npmjs.org/@node-rs/helper/-/helper-1.2.1.tgz",
      "integrity": "sha512-R5wEmm8nbuQU0YGGmYVjEc0OHtYsuXdpRG+Ut/3wZ9XAvQWyThN08bTh2cBJgoZxHQUPtvRfeQuxcAgLuiBISg==",
      "requires": {
        "@napi-rs/triples": "^1.0.3"
      }
    },
    "@rollup/pluginutils": {
      "version": "4.1.1",
      "resolved": "https://registry.npmjs.org/@rollup/pluginutils/-/pluginutils-4.1.1.tgz",
      "integrity": "sha512-clDjivHqWGXi7u+0d2r2sBi4Ie6VLEAzWMIkvJLnDmxoOhBYOTfzGbOQBA32THHm11/LiJbd01tJUpJsbshSWQ==",
      "requires": {
        "estree-walker": "^2.0.1",
        "picomatch": "^2.2.2"
      }
    },
    "@swc/core": {
      "version": "1.2.83",
      "resolved": "https://registry.npmjs.org/@swc/core/-/core-1.2.83.tgz",
      "integrity": "sha512-Ao5XziabPGXBcwyDF8NRZcp7ySZBsjrV1aDyVe2Rdb44VaJ8Q0jN7QjYlc4zOikcwgi1BF05YgvMykMfB0qKMA==",
      "requires": {
        "@node-rs/helper": "^1.0.0",
        "@swc/core-android-arm64": "^1.2.83",
        "@swc/core-darwin-arm64": "^1.2.83",
        "@swc/core-darwin-x64": "^1.2.83",
        "@swc/core-freebsd-x64": "^1.2.83",
        "@swc/core-linux-arm-gnueabihf": "^1.2.83",
        "@swc/core-linux-arm64-gnu": "^1.2.83",
        "@swc/core-linux-arm64-musl": "^1.2.83",
        "@swc/core-linux-x64-gnu": "^1.2.83",
        "@swc/core-linux-x64-musl": "^1.2.83",
        "@swc/core-win32-arm64-msvc": "^1.2.83",
        "@swc/core-win32-ia32-msvc": "^1.2.83",
        "@swc/core-win32-x64-msvc": "^1.2.83"
      }
    },
    "@swc/core-android-arm64": {
      "version": "1.2.83",
      "resolved": "https://registry.npmjs.org/@swc/core-android-arm64/-/core-android-arm64-1.2.83.tgz",
      "integrity": "sha512-pODboMBvwplgfPU7/LVAJdIlt/9lttd8cMUwxSykMo/lFaP5J5SyiBauL1UzFEe6eGpN4WPhlF3H+tTz1uWBwg==",
      "optional": true
    },
    "@swc/core-darwin-arm64": {
      "version": "1.2.83",
      "resolved": "https://registry.npmjs.org/@swc/core-darwin-arm64/-/core-darwin-arm64-1.2.83.tgz",
      "integrity": "sha512-/RadmNG6w8ouXsqEFMgjUZL1pxiodkAMTLuKxzKgGb8C+cJYYzrMrJAhuRaVF56/tbI0f7HjGtVYPIUyj7PO/Q==",
      "optional": true
    },
    "@swc/core-darwin-x64": {
      "version": "1.2.83",
      "resolved": "https://registry.npmjs.org/@swc/core-darwin-x64/-/core-darwin-x64-1.2.83.tgz",
      "integrity": "sha512-SuMQOzMPv79EqHbvkL29KuAfvxADpEgzVndg/w3rjfT2xHHRBZSbcpTWZ2mXYZeddM3+JG2OrHH55RixUH+r9Q==",
      "optional": true
    },
    "@swc/core-freebsd-x64": {
      "version": "1.2.83",
      "resolved": "https://registry.npmjs.org/@swc/core-freebsd-x64/-/core-freebsd-x64-1.2.83.tgz",
      "integrity": "sha512-2s7L71s3OgrXbjujPY37OuA0FuTtoevTz8Ce40HkvfcOArTi92gN6WZu55ZtUIwFq3U/hH0oE0Po86JOO/ArVg==",
      "optional": true
    },
    "@swc/core-linux-arm-gnueabihf": {
      "version": "1.2.83",
      "resolved": "https://registry.npmjs.org/@swc/core-linux-arm-gnueabihf/-/core-linux-arm-gnueabihf-1.2.83.tgz",
      "integrity": "sha512-RwONngFb7BG+6o9Hi+EuE7dT0d/PtlZyV9DdeAP++uuem9I6vyuXmI3IqtpeRU731wW4gLvlRKLp/EV63sjoSA==",
      "optional": true
    },
    "@swc/core-linux-arm64-gnu": {
      "version": "1.2.83",
      "resolved": "https://registry.npmjs.org/@swc/core-linux-arm64-gnu/-/core-linux-arm64-gnu-1.2.83.tgz",
      "integrity": "sha512-BM4cbI4X74eul6ix0PBsJ7sSkIbcHX9P6J3fAoT6CmYeS4gADGB4n1ktw5GYkXhaiVRVK9KVUXEqpfxBTpCXXQ==",
      "optional": true
    },
    "@swc/core-linux-arm64-musl": {
      "version": "1.2.83",
      "resolved": "https://registry.npmjs.org/@swc/core-linux-arm64-musl/-/core-linux-arm64-musl-1.2.83.tgz",
      "integrity": "sha512-XDuxnA/rRMLOAAOCjyPlDdzFUrWuD3Xp+m5dHQi80VqpfLGxYeVZebUYfpEtWGI1K4UPQLx+gTk2ssVG5avWKA==",
      "optional": true
    },
    "@swc/core-linux-x64-gnu": {
      "version": "1.2.83",
      "resolved": "https://registry.npmjs.org/@swc/core-linux-x64-gnu/-/core-linux-x64-gnu-1.2.83.tgz",
      "integrity": "sha512-FaA5O2V0I8X6UuBua7a4ufGh/r9I00aXvoMcb2yrxyzyApgh2VvLfCj3DaiQIYR44QV7dQm/RII1KsJnX6XpDw==",
      "optional": true
    },
    "@swc/core-linux-x64-musl": {
      "version": "1.2.83",
      "resolved": "https://registry.npmjs.org/@swc/core-linux-x64-musl/-/core-linux-x64-musl-1.2.83.tgz",
      "integrity": "sha512-BYNqN7cmN+TazrUrhGrY9IYbT2+l4UqFEZX/M5iWfFzpvHmGeeacvD4qxC1iAh99dqGHn7rsPM3QVK9lyDlLSw==",
      "optional": true
    },
    "@swc/core-win32-arm64-msvc": {
      "version": "1.2.83",
      "resolved": "https://registry.npmjs.org/@swc/core-win32-arm64-msvc/-/core-win32-arm64-msvc-1.2.83.tgz",
      "integrity": "sha512-tMzWXwcwTsBQ0eVXrwai+Q/aiBZR1sDWpYDD1KINRIYWxTASJ0PLySbLyZdEFfxxPvqOY1gslnWLjPwa1frTkg==",
      "optional": true
    },
    "@swc/core-win32-ia32-msvc": {
      "version": "1.2.83",
      "resolved": "https://registry.npmjs.org/@swc/core-win32-ia32-msvc/-/core-win32-ia32-msvc-1.2.83.tgz",
      "integrity": "sha512-ft1kSw8b09Lmyg7xXn7n99GYMr7CCFzWXB8800kjOb+9jsIN73Sn86I3TVldAeIdJZbeuTYU8J7cxhcJcnmmOA==",
      "optional": true
    },
    "@swc/core-win32-x64-msvc": {
      "version": "1.2.83",
      "resolved": "https://registry.npmjs.org/@swc/core-win32-x64-msvc/-/core-win32-x64-msvc-1.2.83.tgz",
      "integrity": "sha512-HraOOGDp0dI4+yQ7DxW44FBGSa7CDKG+oviiu2ieXyFjnMqyI3AS5jD27O7g7WKQ1RvKky8M6PxFMz9w3P8HJQ==",
      "optional": true
    },
    "@types/node": {
      "version": "16.7.5",
      "resolved": "https://registry.npmjs.org/@types/node/-/node-16.7.5.tgz",
      "integrity": "sha512-E7SpxDXoHEpmZ9C1gSqwadhE6zPRtf3g0gJy9Y51DsImnR5TcDs3QEiV/3Q7zOM8LWaZp5Gph71NK6ElVMG1IQ==",
      "dev": true
    },
    "ansi-styles": {
      "version": "3.2.1",
      "resolved": "https://registry.npmjs.org/ansi-styles/-/ansi-styles-3.2.1.tgz",
      "integrity": "sha512-VT0ZI6kZRdTh8YyJw3SMbYm/u+NqfsAxEpWO0Pf9sq8/e94WxxOpPKx9FR1FlyCtOVDNOQ+8ntlqFxiRc+r5qA==",
      "dev": true,
      "optional": true,
      "requires": {
        "color-convert": "^1.9.0"
      }
    },
    "chalk": {
      "version": "2.4.2",
      "resolved": "https://registry.npmjs.org/chalk/-/chalk-2.4.2.tgz",
      "integrity": "sha512-Mti+f9lpJNcwF4tWV8/OrTTtF1gZi+f8FqlyAdouralcFWFQWF2+NgCHShjkCb+IFBLq9buZwE1xckQU4peSuQ==",
      "dev": true,
      "optional": true,
      "requires": {
        "ansi-styles": "^3.2.1",
        "escape-string-regexp": "^1.0.5",
        "supports-color": "^5.3.0"
      }
    },
    "color-convert": {
      "version": "1.9.3",
      "resolved": "https://registry.npmjs.org/color-convert/-/color-convert-1.9.3.tgz",
      "integrity": "sha512-QfAUtd+vFdAtFQcC8CCyYt1fYWxSqAiK2cSD6zDB8N3cpsEBAvRxp9zOGg6G/SHHJYAT88/az/IuDGALsNVbGg==",
      "dev": true,
      "optional": true,
      "requires": {
        "color-name": "1.1.3"
      }
    },
    "color-name": {
      "version": "1.1.3",
      "resolved": "https://registry.npmjs.org/color-name/-/color-name-1.1.3.tgz",
      "integrity": "sha1-p9BVi9icQveV3UIyj3QIMcpTvCU=",
      "dev": true,
      "optional": true
    },
    "escape-string-regexp": {
      "version": "1.0.5",
      "resolved": "https://registry.npmjs.org/escape-string-regexp/-/escape-string-regexp-1.0.5.tgz",
      "integrity": "sha1-G2HAViGQqN/2rjuyzwIAyhMLhtQ=",
      "dev": true,
      "optional": true
    },
    "estree-walker": {
      "version": "2.0.2",
      "resolved": "https://registry.npmjs.org/estree-walker/-/estree-walker-2.0.2.tgz",
      "integrity": "sha512-Rfkk/Mp/DL7JVje3u18FxFujQlTNR2q6QfMSMB7AvCBx91NGj/ba3kCfza0f6dVDbw7YlRf/nDrn7pQrCCyQ/w=="
    },
    "fsevents": {
      "version": "2.3.2",
      "resolved": "https://registry.npmjs.org/fsevents/-/fsevents-2.3.2.tgz",
      "integrity": "sha512-xiqMQR4xAeHTuB9uWm+fFRcIOgKBMiOBP+eXiyT7jsgVCq1bkVygt00oASowB7EdtpOHaaPgKt812P9ab+DDKA==",
      "dev": true,
      "optional": true
    },
    "has-flag": {
      "version": "3.0.0",
      "resolved": "https://registry.npmjs.org/has-flag/-/has-flag-3.0.0.tgz",
      "integrity": "sha1-tdRU3CGZriJWmfNGfloH87lVuv0=",
      "dev": true,
      "optional": true
    },
    "js-tokens": {
      "version": "4.0.0",
      "resolved": "https://registry.npmjs.org/js-tokens/-/js-tokens-4.0.0.tgz",
      "integrity": "sha512-RdJUflcE3cUzKiMqQgsCu06FPu9UdIJO0beYbPhHN4k6apgJtifcoCtT9bcxOpYBtpD2kCM6Sbzg4CausW/PKQ==",
      "dev": true,
      "optional": true
    },
    "magic-string": {
      "version": "0.25.7",
      "resolved": "https://registry.npmjs.org/magic-string/-/magic-string-0.25.7.tgz",
      "integrity": "sha512-4CrMT5DOHTDk4HYDlzmwu4FVCcIYI8gauveasrdCu2IKIFOJ3f0v/8MDGJCDL9oD2ppz/Av1b0Nj345H9M+XIA==",
      "dev": true,
      "requires": {
        "sourcemap-codec": "^1.4.4"
      }
    },
    "picomatch": {
      "version": "2.3.0",
      "resolved": "https://registry.npmjs.org/picomatch/-/picomatch-2.3.0.tgz",
      "integrity": "sha512-lY1Q/PiJGC2zOv/z391WOTD+Z02bCgsFfvxoXXf6h7kv9o+WmsmzYqrAwY63sNgOxE4xEdq0WyUnXfKeBrSvYw=="
    },
    "prettier": {
      "version": "2.3.2",
      "resolved": "https://registry.npmjs.org/prettier/-/prettier-2.3.2.tgz",
      "integrity": "sha512-lnJzDfJ66zkMy58OL5/NY5zp70S7Nz6KqcKkXYzn2tMVrNxvbqaBpg7H3qHaLxCJ5lNMsGuM8+ohS7cZrthdLQ==",
      "dev": true
    },
    "regenerator-runtime": {
      "version": "0.13.9",
      "resolved": "https://registry.npmjs.org/regenerator-runtime/-/regenerator-runtime-0.13.9.tgz",
      "integrity": "sha512-p3VT+cOEgxFsRRA9X4lkI1E+k2/CtnKtU4gcxyaCUreilL/vqI6CdZ3wxVUx3UOUg+gnUOQQcRI7BmSI656MYA==",
      "dev": true
    },
    "rollup": {
      "version": "2.56.3",
      "resolved": "https://registry.npmjs.org/rollup/-/rollup-2.56.3.tgz",
      "integrity": "sha512-Au92NuznFklgQCUcV96iXlxUbHuB1vQMaH76DHl5M11TotjOHwqk9CwcrT78+Tnv4FN9uTBxq6p4EJoYkpyekg==",
      "dev": true,
      "requires": {
        "fsevents": "~2.3.2"
      }
    },
    "rollup-plugin-dts": {
      "version": "3.0.2",
      "resolved": "https://registry.npmjs.org/rollup-plugin-dts/-/rollup-plugin-dts-3.0.2.tgz",
      "integrity": "sha512-hswlsdWu/x7k5pXzaLP6OvKRKcx8Bzprksz9i9mUe72zvt8LvqAb/AZpzs6FkLgmyRaN8B6rUQOVtzA3yEt9Yw==",
      "dev": true,
      "requires": {
        "@babel/code-frame": "^7.12.13",
        "magic-string": "^0.25.7"
      }
    },
    "rollup-plugin-transpile": {
      "version": "0.1.0",
      "resolved": "https://registry.npmjs.org/rollup-plugin-transpile/-/rollup-plugin-transpile-0.1.0.tgz",
      "integrity": "sha512-mZ1cc1oShnXPsPbtwd18aDpZbHDMLscNB8QYxDv74UPCSc5h/Vc19CwGJ6eQSNQ1bpcr7Aiy1qsciXJ0SMGE7A==",
      "dev": true,
      "requires": {
        "@rollup/pluginutils": "^4.1.1",
        "@swc/core": "^1.2.83",
        "regenerator-runtime": "^0.13.9"
      }
    },
    "sourcemap-codec": {
      "version": "1.4.8",
      "resolved": "https://registry.npmjs.org/sourcemap-codec/-/sourcemap-codec-1.4.8.tgz",
      "integrity": "sha512-9NykojV5Uih4lgo5So5dtw+f0JgJX30KCNI8gwhz2J9A15wD0Ml6tjHKwf6fTSa6fAdVBdZeNOs9eJ71qCk8vA==",
      "dev": true
    },
    "supports-color": {
      "version": "5.5.0",
      "resolved": "https://registry.npmjs.org/supports-color/-/supports-color-5.5.0.tgz",
      "integrity": "sha512-QjVjwdXIt408MIiAqCX4oUKsgU2EqAGzs2Ppkm4aQYbjm+ZEWEcW4SfFNTr4uMNZma0ey4f5lgLrkB0aX0QMow==",
      "dev": true,
      "optional": true,
      "requires": {
        "has-flag": "^3.0.0"
      }
    },
    "typescript": {
      "version": "4.4.2",
      "resolved": "https://registry.npmjs.org/typescript/-/typescript-4.4.2.tgz",
      "integrity": "sha512-gzP+t5W4hdy4c+68bfcv0t400HVJMMd2+H9B7gae1nQlBzCqvrXX+6GL/b3GAgyTH966pzrZ70/fRjwAtZksSQ==",
      "dev": true
    }
  }
}
